lockfileVersion: '6.0'

dependencies:
  '@djot/djot':
    specifier: ^0.2.2
    version: 0.2.2
  katex:
    specifier: ^0.16.4
    version: 0.16.4

devDependencies:
  '@types/katex':
    specifier: ^0.16.0
    version: 0.16.0

packages:

  /@djot/djot@0.2.2:
    resolution: {integrity: sha512-D2/a3BICF4DpcDb4I3yI7mboX/hsmZwiWbNylPEzQWGSxQGZxR1VQIOCUBDsi36pHaUOR4678281cx4kwGpTwA==}
    engines: {node: '>=17.0.0'}
    hasBin: true
    dev: false

  /@types/katex@0.16.0:
    resolution: {integrity: sha512-hz+S3nV6Mym5xPbT9fnO8dDhBFQguMYpY0Ipxv06JMi1ORgnEM4M1ymWDUhUNer3ElLmT583opRo4RzxKmh9jw==}
    dev: true

  /commander@8.3.0:
    resolution: {integrity: sha512-OkTL9umf+He2DZkUq8f8J9of7yL6RJKI24dVITBmNfZBmri9zYZQrKkuXiKhyfPSu8tUhnVBB1iKXevvnlR4Ww==}
    engines: {node: '>= 12'}
    dev: false

  /katex@0.16.4:
    resolution: {integrity: sha512-WudRKUj8yyBeVDI4aYMNxhx5Vhh2PjpzQw1GRu/LVGqL4m1AxwD1GcUp0IMbdJaf5zsjtj8ghP0DOQRYhroNkw==}
    hasBin: true
    dependencies:
      commander: 8.3.0
    dev: false
