lockfileVersion: '6.0'

settings:
  autoInstallPeers: true
  excludeLinksFromLockfile: false

dependencies:
  '@djot/djot':
    specifier: ^0.3.1
    version: 0.3.1
  katex:
    specifier: ^0.16.10
    version: 0.16.10

devDependencies:
  '@types/katex':
    specifier: ^0.16.7
    version: 0.16.7

packages:

  /@djot/djot@0.3.1:
    resolution: {integrity: sha512-jFYDPI8xLo7lz4V28ZaGRW+0E6lhRPijxNEb6Dj00Vo8twCd4Yb0A7Fug8clYTe1Le2ghl/uUcKGGTsN/avmHA==}
    engines: {node: '>=17.0.0'}
    hasBin: true
    dev: false

  /@types/katex@0.16.7:
    resolution: {integrity: sha512-HMwFiRujE5PjrgwHQ25+bsLJgowjGjm5Z8FVSf0N6PwgJrwxH0QxzHYDcKsTfV3wva0vzrpqMTJS2jXPr5BMEQ==}
    dev: true

  /commander@8.3.0:
    resolution: {integrity: sha512-OkTL9umf+He2DZkUq8f8J9of7yL6RJKI24dVITBmNfZBmri9zYZQrKkuXiKhyfPSu8tUhnVBB1iKXevvnlR4Ww==}
    engines: {node: '>= 12'}
    dev: false

  /katex@0.16.10:
    resolution: {integrity: sha512-ZiqaC04tp2O5utMsl2TEZTXxa6WSC4yo0fv5ML++D3QZv/vx2Mct0mTlRx3O+uUkjfuAgOkzsCmq5MiUEsDDdA==}
    hasBin: true
    dependencies:
      commander: 8.3.0
    dev: false
